// !$*UTF8*$!
{
	archiveVersion = 1;
	classes = {
	};
	objectVersion = 56;
	objects = {

/* Begin PBXBuildFile section */
		B998EEA22A778728002DCEC8 /* MyAppApp.swift in Sources */ = {isa = PBXBuildFile; fileRef = B998EEA12A778728002DCEC8 /* MyAppApp.swift */; };
		B998EEA42A778728002DCEC8 /* ContentView.swift in Sources */ = {isa = PBXBuildFile; fileRef = B998EEA32A778728002DCEC8 /* ContentView.swift */; };
		B998EEA62A77872A002DCEC8 /* Assets.xcassets in Resources */ = {isa = PBXBuildFile; fileRef = B998EEA52A77872A002DCEC8 /* Assets.xcassets */; };
		B998EEA92A77872A002DCEC8 /* Preview Assets.xcassets in Resources */ = {isa = PBXBuildFile; fileRef = B998EEA82A77872A002DCEC8 /* Preview Assets.xcassets */; };
		B998EEAB2A77872A002DCEC8 /* Persistence.swift in Sources */ = {isa = PBXBuildFile; fileRef = B998EEAA2A77872A002DCEC8 /* Persistence.swift */; };
		B998EEAE2A77872A002DCEC8 /* MyApp.xcdatamodeld in Sources */ = {isa = PBXBuildFile; fileRef = B998EEAC2A77872A002DCEC8 /* MyApp.xcdatamodeld */; };
		B998EEB52A7903A5002DCEC8 /* OnboardingVIew.swift in Sources */ = {isa = PBXBuildFile; fileRef = B998EEB42A7903A5002DCEC8 /* OnboardingVIew.swift */; };
		B998EEB72A79554F002DCEC8 /* Home.swift in Sources */ = {isa = PBXBuildFile; fileRef = B998EEB62A79554F002DCEC8 /* Home.swift */; };
		B998EEB92A7955C6002DCEC8 /* Menu.swift in Sources */ = {isa = PBXBuildFile; fileRef = B998EEB82A7955C6002DCEC8 /* Menu.swift */; };
		B998EEBB2A796525002DCEC8 /* UserProfile.swift in Sources */ = {isa = PBXBuildFile; fileRef = B998EEBA2A796525002DCEC8 /* UserProfile.swift */; };
		B9CA79032A7A7A8F005A2C9E /* FetchedObjects.swift in Sources */ = {isa = PBXBuildFile; fileRef = B9CA79022A7A7A8F005A2C9E /* FetchedObjects.swift */; };
		B9CA79062A7A7AC6005A2C9E /* MenuItem.swift in Sources */ = {isa = PBXBuildFile; fileRef = B9CA79052A7A7AC6005A2C9E /* MenuItem.swift */; };
		B9CA79082A7A7AD4005A2C9E /* MenuList.swift in Sources */ = {isa = PBXBuildFile; fileRef = B9CA79072A7A7AD4005A2C9E /* MenuList.swift */; };
		B9CA790A2A7A7B62005A2C9E /* CustomPersistence.swift in Sources */ = {isa = PBXBuildFile; fileRef = B9CA79092A7A7B62005A2C9E /* CustomPersistence.swift */; };
		B9CA790D2A7A8200005A2C9E /* ExampleDatabase.xcdatamodeld in Sources */ = {isa = PBXBuildFile; fileRef = B9CA790B2A7A8200005A2C9E /* ExampleDatabase.xcdatamodeld */; };
		B9CA790F2A7B85C3005A2C9E /* HeaderView.swift in Sources */ = {isa = PBXBuildFile; fileRef = B9CA790E2A7B85C3005A2C9E /* HeaderView.swift */; };
		B9CA79112A7B8B9C005A2C9E /* HeroView.swift in Sources */ = {isa = PBXBuildFile; fileRef = B9CA79102A7B8B9C005A2C9E /* HeroView.swift */; };
		B9CA79262A7BF483005A2C9E /* markazi-text.bold.ttf in Resources */ = {isa = PBXBuildFile; fileRef = B9CA79252A7BF441005A2C9E /* markazi-text.bold.ttf */; };
		B9CA79272A7BF483005A2C9E /* markazi-text.medium.ttf in Resources */ = {isa = PBXBuildFile; fileRef = B9CA79222A7BF441005A2C9E /* markazi-text.medium.ttf */; };
		B9CA79282A7BF483005A2C9E /* markazi-text.regular.ttf in Resources */ = {isa = PBXBuildFile; fileRef = B9CA79232A7BF441005A2C9E /* markazi-text.regular.ttf */; };
		B9CA79292A7BF483005A2C9E /* markazi-text.semibold.ttf in Resources */ = {isa = PBXBuildFile; fileRef = B9CA79242A7BF441005A2C9E /* markazi-text.semibold.ttf */; };
		B9CA792D2A7D0B58005A2C9E /* MenuBreakdownView.swift in Sources */ = {isa = PBXBuildFile; fileRef = B9CA792C2A7D0B58005A2C9E /* MenuBreakdownView.swift */; };
/* End PBXBuildFile section */

/* Begin PBXFileReference section */
		B998EE9E2A778728002DCEC8 /* MyApp.app */ = {isa = PBXFileReference; explicitFileType = wrapper.application; includeInIndex = 0; path = MyApp.app; sourceTree = BUILT_PRODUCTS_DIR; };
		B998EEA12A778728002DCEC8 /* MyAppApp.swift */ = {isa = PBXFileReference; lastKnownFileType = sourcecode.swift; path = MyAppApp.swift; sourceTree = "<group>"; };
		B998EEA32A778728002DCEC8 /* ContentView.swift */ = {isa = PBXFileReference; lastKnownFileType = sourcecode.swift; path = ContentView.swift; sourceTree = "<group>"; };
		B998EEA52A77872A002DCEC8 /* Assets.xcassets */ = {isa = PBXFileReference; lastKnownFileType = folder.assetcatalog; path = Assets.xcassets; sourceTree = "<group>"; };
		B998EEA82A77872A002DCEC8 /* Preview Assets.xcassets */ = {isa = PBXFileReference; lastKnownFileType = folder.assetcatalog; path = "Preview Assets.xcassets"; sourceTree = "<group>"; };
		B998EEAA2A77872A002DCEC8 /* Persistence.swift */ = {isa = PBXFileReference; lastKnownFileType = sourcecode.swift; path = Persistence.swift; sourceTree = "<group>"; };
		B998EEAD2A77872A002DCEC8 /* MyApp.xcdatamodel */ = {isa = PBXFileReference; lastKnownFileType = wrapper.xcdatamodel; path = MyApp.xcdatamodel; sourceTree = "<group>"; };
		B998EEB42A7903A5002DCEC8 /* OnboardingVIew.swift */ = {isa = PBXFileReference; lastKnownFileType = sourcecode.swift; path = OnboardingVIew.swift; sourceTree = "<group>"; };
		B998EEB62A79554F002DCEC8 /* Home.swift */ = {isa = PBXFileReference; lastKnownFileType = sourcecode.swift; path = Home.swift; sourceTree = "<group>"; };
		B998EEB82A7955C6002DCEC8 /* Menu.swift */ = {isa = PBXFileReference; lastKnownFileType = sourcecode.swift; path = Menu.swift; sourceTree = "<group>"; };
		B998EEBA2A796525002DCEC8 /* UserProfile.swift */ = {isa = PBXFileReference; lastKnownFileType = sourcecode.swift; path = UserProfile.swift; sourceTree = "<group>"; };
		B9CA79022A7A7A8F005A2C9E /* FetchedObjects.swift */ = {isa = PBXFileReference; fileEncoding = 4; lastKnownFileType = sourcecode.swift; path = FetchedObjects.swift; sourceTree = "<group>"; };
		B9CA79052A7A7AC6005A2C9E /* MenuItem.swift */ = {isa = PBXFileReference; lastKnownFileType = sourcecode.swift; path = MenuItem.swift; sourceTree = "<group>"; };
		B9CA79072A7A7AD4005A2C9E /* MenuList.swift */ = {isa = PBXFileReference; lastKnownFileType = sourcecode.swift; path = MenuList.swift; sourceTree = "<group>"; };
		B9CA79092A7A7B62005A2C9E /* CustomPersistence.swift */ = {isa = PBXFileReference; fileEncoding = 4; lastKnownFileType = sourcecode.swift; name = CustomPersistence.swift; path = ../../../../Downloads/KrOCQU2CTpmu1REIfryAvg_ae0cd909bf5e4e7db7525f835ddd50e1_CoreDataSupport/CustomPersistence.swift; sourceTree = "<group>"; };
		B9CA790C2A7A8200005A2C9E /* ExampleDatabase.xcdatamodel */ = {isa = PBXFileReference; lastKnownFileType = wrapper.xcdatamodel; path = ExampleDatabase.xcdatamodel; sourceTree = "<group>"; };
		B9CA790E2A7B85C3005A2C9E /* HeaderView.swift */ = {isa = PBXFileReference; lastKnownFileType = sourcecode.swift; path = HeaderView.swift; sourceTree = "<group>"; };
		B9CA79102A7B8B9C005A2C9E /* HeroView.swift */ = {isa = PBXFileReference; lastKnownFileType = sourcecode.swift; path = HeroView.swift; sourceTree = "<group>"; };
		B9CA79152A7BB9BD005A2C9E /* Info.plist */ = {isa = PBXFileReference; lastKnownFileType = text.plist.xml; path = Info.plist; sourceTree = "<group>"; };
		B9CA79222A7BF441005A2C9E /* markazi-text.medium.ttf */ = {isa = PBXFileReference; lastKnownFileType = file; path = "markazi-text.medium.ttf"; sourceTree = "<group>"; };
		B9CA79232A7BF441005A2C9E /* markazi-text.regular.ttf */ = {isa = PBXFileReference; lastKnownFileType = file; path = "markazi-text.regular.ttf"; sourceTree = "<group>"; };
		B9CA79242A7BF441005A2C9E /* markazi-text.semibold.ttf */ = {isa = PBXFileReference; lastKnownFileType = file; path = "markazi-text.semibold.ttf"; sourceTree = "<group>"; };
		B9CA79252A7BF441005A2C9E /* markazi-text.bold.ttf */ = {isa = PBXFileReference; lastKnownFileType = file; path = "markazi-text.bold.ttf"; sourceTree = "<group>"; };
		B9CA792C2A7D0B58005A2C9E /* MenuBreakdownView.swift */ = {isa = PBXFileReference; lastKnownFileType = sourcecode.swift; path = MenuBreakdownView.swift; sourceTree = "<group>"; };
/* End PBXFileReference section */

/* Begin PBXFrameworksBuildPhase section */
		B998EE9B2A778728002DCEC8 /* Frameworks */ = {
			isa = PBXFrameworksBuildPhase;
			buildActionMask = 2147483647;
			files = (
			);
			runOnlyForDeploymentPostprocessing = 0;
		};
/* End PBXFrameworksBuildPhase section */

/* Begin PBXGroup section */
		B998EE952A778728002DCEC8 = {
			isa = PBXGroup;
			children = (
				B998EEA02A778728002DCEC8 /* MyApp */,
				B998EE9F2A778728002DCEC8 /* Products */,
			);
			sourceTree = "<group>";
		};
		B998EE9F2A778728002DCEC8 /* Products */ = {
			isa = PBXGroup;
			children = (
				B998EE9E2A778728002DCEC8 /* MyApp.app */,
			);
			name = Products;
			sourceTree = "<group>";
		};
		B998EEA02A778728002DCEC8 /* MyApp */ = {
			isa = PBXGroup;
			children = (
				B9CA79172A7BF1B8005A2C9E /* Resources */,
				B9CA79122A7B8BA9005A2C9E /* Views and Frames */,
				B9CA79042A7A7AAC005A2C9E /* Structs */,
				B998EEA72A77872A002DCEC8 /* Preview Content */,
				B9CA79022A7A7A8F005A2C9E /* FetchedObjects.swift */,
				B998EEA12A778728002DCEC8 /* MyAppApp.swift */,
				B998EEAA2A77872A002DCEC8 /* Persistence.swift */,
				B9CA79092A7A7B62005A2C9E /* CustomPersistence.swift */,
				B9CA79152A7BB9BD005A2C9E /* Info.plist */,
				B998EEA52A77872A002DCEC8 /* Assets.xcassets */,
				B9CA790B2A7A8200005A2C9E /* ExampleDatabase.xcdatamodeld */,
				B998EEAC2A77872A002DCEC8 /* MyApp.xcdatamodeld */,
			);
			path = MyApp;
			sourceTree = "<group>";
		};
		B998EEA72A77872A002DCEC8 /* Preview Content */ = {
			isa = PBXGroup;
			children = (
				B998EEA82A77872A002DCEC8 /* Preview Assets.xcassets */,
			);
			path = "Preview Content";
			sourceTree = "<group>";
		};
		B9CA79042A7A7AAC005A2C9E /* Structs */ = {
			isa = PBXGroup;
			children = (
				B9CA79052A7A7AC6005A2C9E /* MenuItem.swift */,
				B9CA79072A7A7AD4005A2C9E /* MenuList.swift */,
			);
			path = Structs;
			sourceTree = "<group>";
		};
		B9CA79122A7B8BA9005A2C9E /* Views and Frames */ = {
			isa = PBXGroup;
			children = (
				B998EEA32A778728002DCEC8 /* ContentView.swift */,
				B998EEB42A7903A5002DCEC8 /* OnboardingVIew.swift */,
				B9CA790E2A7B85C3005A2C9E /* HeaderView.swift */,
				B9CA79102A7B8B9C005A2C9E /* HeroView.swift */,
				B9CA792C2A7D0B58005A2C9E /* MenuBreakdownView.swift */,
				B998EEB62A79554F002DCEC8 /* Home.swift */,
				B998EEB82A7955C6002DCEC8 /* Menu.swift */,
				B998EEBA2A796525002DCEC8 /* UserProfile.swift */,
			);
			path = "Views and Frames";
			sourceTree = "<group>";
		};
		B9CA79172A7BF1B8005A2C9E /* Resources */ = {
			isa = PBXGroup;
			children = (
				B9CA79252A7BF441005A2C9E /* markazi-text.bold.ttf */,
				B9CA79222A7BF441005A2C9E /* markazi-text.medium.ttf */,
				B9CA79232A7BF441005A2C9E /* markazi-text.regular.ttf */,
				B9CA79242A7BF441005A2C9E /* markazi-text.semibold.ttf */,
			);
			path = Resources;
			sourceTree = "<group>";
		};
/* End PBXGroup section */

/* Begin PBXNativeTarget section */
		B998EE9D2A778728002DCEC8 /* MyApp */ = {
			isa = PBXNativeTarget;
			buildConfigurationList = B998EEB12A77872A002DCEC8 /* Build configuration list for PBXNativeTarget "MyApp" */;
			buildPhases = (
				B998EE9A2A778728002DCEC8 /* Sources */,
				B998EE9B2A778728002DCEC8 /* Frameworks */,
				B998EE9C2A778728002DCEC8 /* Resources */,
			);
			buildRules = (
			);
			dependencies = (
			);
			name = MyApp;
			productName = MyApp;
			productReference = B998EE9E2A778728002DCEC8 /* MyApp.app */;
			productType = "com.apple.product-type.application";
		};
/* End PBXNativeTarget section */

/* Begin PBXProject section */
		B998EE962A778728002DCEC8 /* Project object */ = {
			isa = PBXProject;
			attributes = {
				BuildIndependentTargetsInParallel = 1;
				LastSwiftUpdateCheck = 1430;
				LastUpgradeCheck = 1430;
				TargetAttributes = {
					B998EE9D2A778728002DCEC8 = {
						CreatedOnToolsVersion = 14.3;
					};
				};
			};
			buildConfigurationList = B998EE992A778728002DCEC8 /* Build configuration list for PBXProject "MyApp" */;
			compatibilityVersion = "Xcode 14.0";
			developmentRegion = en;
			hasScannedForEncodings = 0;
			knownRegions = (
				en,
				Base,
			);
			mainGroup = B998EE952A778728002DCEC8;
			productRefGroup = B998EE9F2A778728002DCEC8 /* Products */;
			projectDirPath = "";
			projectRoot = "";
			targets = (
				B998EE9D2A778728002DCEC8 /* MyApp */,
			);
		};
/* End PBXProject section */

/* Begin PBXResourcesBuildPhase section */
		B998EE9C2A778728002DCEC8 /* Resources */ = {
			isa = PBXResourcesBuildPhase;
			buildActionMask = 2147483647;
			files = (
				B9CA79262A7BF483005A2C9E /* markazi-text.bold.ttf in Resources */,
				B9CA79272A7BF483005A2C9E /* markazi-text.medium.ttf in Resources */,
				B9CA79282A7BF483005A2C9E /* markazi-text.regular.ttf in Resources */,
				B9CA79292A7BF483005A2C9E /* markazi-text.semibold.ttf in Resources */,
				B998EEA92A77872A002DCEC8 /* Preview Assets.xcassets in Resources */,
				B998EEA62A77872A002DCEC8 /* Assets.xcassets in Resources */,
			);
			runOnlyForDeploymentPostprocessing = 0;
		};
/* End PBXResourcesBuildPhase section */

/* Begin PBXSourcesBuildPhase section */
		B998EE9A2A778728002DCEC8 /* Sources */ = {
			isa = PBXSourcesBuildPhase;
			buildActionMask = 2147483647;
			files = (
				B998EEAB2A77872A002DCEC8 /* Persistence.swift in Sources */,
				B998EEAE2A77872A002DCEC8 /* MyApp.xcdatamodeld in Sources */,
				B998EEB92A7955C6002DCEC8 /* Menu.swift in Sources */,
				B998EEB52A7903A5002DCEC8 /* OnboardingVIew.swift in Sources */,
				B998EEBB2A796525002DCEC8 /* UserProfile.swift in Sources */,
				B998EEA42A778728002DCEC8 /* ContentView.swift in Sources */,
				B998EEB72A79554F002DCEC8 /* Home.swift in Sources */,
				B9CA79062A7A7AC6005A2C9E /* MenuItem.swift in Sources */,
				B9CA79032A7A7A8F005A2C9E /* FetchedObjects.swift in Sources */,
				B9CA790A2A7A7B62005A2C9E /* CustomPersistence.swift in Sources */,
				B9CA79082A7A7AD4005A2C9E /* MenuList.swift in Sources */,
				B998EEA22A778728002DCEC8 /* MyAppApp.swift in Sources */,
				B9CA790D2A7A8200005A2C9E /* ExampleDatabase.xcdatamodeld in Sources */,
				B9CA790F2A7B85C3005A2C9E /* HeaderView.swift in Sources */,
				B9CA79112A7B8B9C005A2C9E /* HeroView.swift in Sources */,
				B9CA792D2A7D0B58005A2C9E /* MenuBreakdownView.swift in Sources */,
			);
			runOnlyForDeploymentPostprocessing = 0;
		};
/* End PBXSourcesBuildPhase section */

/* Begin XCBuildConfiguration section */
		B998EEAF2A77872A002DCEC8 /* Debug */ = {
			isa = XCBuildConfiguration;
			buildSettings = {
				ALWAYS_SEARCH_USER_PATHS = NO;
				CLANG_ANALYZER_NONNULL = YES;
				CLANG_ANALYZER_NUMBER_OBJECT_CONVERSION = YES_AGGRESSIVE;
				CLANG_CXX_LANGUAGE_STANDARD = "gnu++20";
				CLANG_ENABLE_MODULES = YES;
				CLANG_ENABLE_OBJC_ARC = YES;
				CLANG_ENABLE_OBJC_WEAK = YES;
				CLANG_WARN_BLOCK_CAPTURE_AUTORELEASING = YES;
				CLANG_WARN_BOOL_CONVERSION = YES;
				CLANG_WARN_COMMA = YES;
				CLANG_WARN_CONSTANT_CONVERSION = YES;
				CLANG_WARN_DEPRECATED_OBJC_IMPLEMENTATIONS = YES;
				CLANG_WARN_DIRECT_OBJC_ISA_USAGE = YES_ERROR;
				CLANG_WARN_DOCUMENTATION_COMMENTS = YES;
				CLANG_WARN_EMPTY_BODY = YES;
				CLANG_WARN_ENUM_CONVERSION = YES;
				CLANG_WARN_INFINITE_RECURSION = YES;
				CLANG_WARN_INT_CONVERSION = YES;
				CLANG_WARN_NON_LITERAL_NULL_CONVERSION = YES;
				CLANG_WARN_OBJC_IMPLICIT_RETAIN_SELF = YES;
				CLANG_WARN_OBJC_LITERAL_CONVERSION = YES;
				CLANG_WARN_OBJC_ROOT_CLASS = YES_ERROR;
				CLANG_WARN_QUOTED_INCLUDE_IN_FRAMEWORK_HEADER = YES;
				CLANG_WARN_RANGE_LOOP_ANALYSIS = YES;
				CLANG_WARN_STRICT_PROTOTYPES = YES;
				CLANG_WARN_SUSPICIOUS_MOVE = YES;
				CLANG_WARN_UNGUARDED_AVAILABILITY = YES_AGGRESSIVE;
				CLANG_WARN_UNREACHABLE_CODE = YES;
				CLANG_WARN__DUPLICATE_METHOD_MATCH = YES;
				COPY_PHASE_STRIP = NO;
				DEBUG_INFORMATION_FORMAT = dwarf;
				ENABLE_STRICT_OBJC_MSGSEND = YES;
				ENABLE_TESTABILITY = YES;
				GCC_C_LANGUAGE_STANDARD = gnu11;
				GCC_DYNAMIC_NO_PIC = NO;
				GCC_NO_COMMON_BLOCKS = YES;
				GCC_OPTIMIZATION_LEVEL = 0;
				GCC_PREPROCESSOR_DEFINITIONS = (
					"DEBUG=1",
					"$(inherited)",
				);
				GCC_WARN_64_TO_32_BIT_CONVERSION = YES;
				GCC_WARN_ABOUT_RETURN_TYPE = YES_ERROR;
				GCC_WARN_UNDECLARED_SELECTOR = YES;
				GCC_WARN_UNINITIALIZED_AUTOS = YES_AGGRESSIVE;
				GCC_WARN_UNUSED_FUNCTION = YES;
				GCC_WARN_UNUSED_VARIABLE = YES;
				IPHONEOS_DEPLOYMENT_TARGET = 16.4;
				MTL_ENABLE_DEBUG_INFO = INCLUDE_SOURCE;
				MTL_FAST_MATH = YES;
				ONLY_ACTIVE_ARCH = YES;
				SDKROOT = iphoneos;
				SWIFT_ACTIVE_COMPILATION_CONDITIONS = DEBUG;
				SWIFT_OPTIMIZATION_LEVEL = "-Onone";
			};
			name = Debug;
		};
		B998EEB02A77872A002DCEC8 /* Release */ = {
			isa = XCBuildConfiguration;
			buildSettings = {
				ALWAYS_SEARCH_USER_PATHS = NO;
				CLANG_ANALYZER_NONNULL = YES;
				CLANG_ANALYZER_NUMBER_OBJECT_CONVERSION = YES_AGGRESSIVE;
				CLANG_CXX_LANGUAGE_STANDARD = "gnu++20";
				CLANG_ENABLE_MODULES = YES;
				CLANG_ENABLE_OBJC_ARC = YES;
				CLANG_ENABLE_OBJC_WEAK = YES;
				CLANG_WARN_BLOCK_CAPTURE_AUTORELEASING = YES;
				CLANG_WARN_BOOL_CONVERSION = YES;
				CLANG_WARN_COMMA = YES;
				CLANG_WARN_CONSTANT_CONVERSION = YES;
				CLANG_WARN_DEPRECATED_OBJC_IMPLEMENTATIONS = YES;
				CLANG_WARN_DIRECT_OBJC_ISA_USAGE = YES_ERROR;
				CLANG_WARN_DOCUMENTATION_COMMENTS = YES;
				CLANG_WARN_EMPTY_BODY = YES;
				CLANG_WARN_ENUM_CONVERSION = YES;
				CLANG_WARN_INFINITE_RECURSION = YES;
				CLANG_WARN_INT_CONVERSION = YES;
				CLANG_WARN_NON_LITERAL_NULL_CONVERSION = YES;
				CLANG_WARN_OBJC_IMPLICIT_RETAIN_SELF = YES;
				CLANG_WARN_OBJC_LITERAL_CONVERSION = YES;
				CLANG_WARN_OBJC_ROOT_CLASS = YES_ERROR;
				CLANG_WARN_QUOTED_INCLUDE_IN_FRAMEWORK_HEADER = YES;
				CLANG_WARN_RANGE_LOOP_ANALYSIS = YES;
				CLANG_WARN_STRICT_PROTOTYPES = YES;
				CLANG_WARN_SUSPICIOUS_MOVE = YES;
				CLANG_WARN_UNGUARDED_AVAILABILITY = YES_AGGRESSIVE;
				CLANG_WARN_UNREACHABLE_CODE = YES;
				CLANG_WARN__DUPLICATE_METHOD_MATCH = YES;
				COPY_PHASE_STRIP = NO;
				DEBUG_INFORMATION_FORMAT = "dwarf-with-dsym";
				ENABLE_NS_ASSERTIONS = NO;
				ENABLE_STRICT_OBJC_MSGSEND = YES;
				GCC_C_LANGUAGE_STANDARD = gnu11;
				GCC_NO_COMMON_BLOCKS = YES;
				GCC_WARN_64_TO_32_BIT_CONVERSION = YES;
				GCC_WARN_ABOUT_RETURN_TYPE = YES_ERROR;
				GCC_WARN_UNDECLARED_SELECTOR = YES;
				GCC_WARN_UNINITIALIZED_AUTOS = YES_AGGRESSIVE;
				GCC_WARN_UNUSED_FUNCTION = YES;
				GCC_WARN_UNUSED_VARIABLE = YES;
				IPHONEOS_DEPLOYMENT_TARGET = 16.4;
				MTL_ENABLE_DEBUG_INFO = NO;
				MTL_FAST_MATH = YES;
				SDKROOT = iphoneos;
				SWIFT_COMPILATION_MODE = wholemodule;
				SWIFT_OPTIMIZATION_LEVEL = "-O";
				VALIDATE_PRODUCT = YES;
			};
			name = Release;
		};
		B998EEB22A77872A002DCEC8 /* Debug */ = {
			isa = XCBuildConfiguration;
			buildSettings = {
				ASSETCATALOG_COMPILER_APPICON_NAME = AppIcon;
				ASSETCATALOG_COMPILER_GLOBAL_ACCENT_COLOR_NAME = AccentColor;
				CODE_SIGN_STYLE = Automatic;
				CURRENT_PROJECT_VERSION = 1;
				DEVELOPMENT_ASSET_PATHS = "\"MyApp/Preview Content\"";
				DEVELOPMENT_TEAM = KRPJJNJAQG;
				ENABLE_PREVIEWS = YES;
				GENERATE_INFOPLIST_FILE = YES;
				INFOPLIST_FILE = MyApp/Info.plist;
				INFOPLIST_KEY_CFBundleDisplayName = "";
				INFOPLIST_KEY_LSApplicationCategoryType = "";
				INFOPLIST_KEY_UIApplicationSceneManifest_Generation = YES;
				INFOPLIST_KEY_UIApplicationSupportsIndirectInputEvents = YES;
				INFOPLIST_KEY_UILaunchScreen_Generation = YES;
				INFOPLIST_KEY_UISupportedInterfaceOrientations_iPad = "UIInterfaceOrientationPortrait UIInterfaceOrientationPortraitUpsideDown UIInterfaceOrientationLandscapeLeft UIInterfaceOrientationLandscapeRight";
				INFOPLIST_KEY_UISupportedInterfaceOrientations_iPhone = "UIInterfaceOrientationPortrait UIInterfaceOrientationLandscapeLeft UIInterfaceOrientationLandscapeRight";
				LD_RUNPATH_SEARCH_PATHS = (
					"$(inherited)",
					"@executable_path/Frameworks",
				);
				MARKETING_VERSION = 1.0;
				PRODUCT_BUNDLE_IDENTIFIER = MetaCourse.MyApp;
				PRODUCT_NAME = "$(TARGET_NAME)";
				SWIFT_EMIT_LOC_STRINGS = YES;
				SWIFT_VERSION = 5.0;
				TARGETED_DEVICE_FAMILY = "1,2";
			};
			name = Debug;
		};
		B998EEB32A77872A002DCEC8 /* Release */ = {
			isa = XCBuildConfiguration;
			buildSettings = {
				ASSETCATALOG_COMPILER_APPICON_NAME = AppIcon;
				ASSETCATALOG_COMPILER_GLOBAL_ACCENT_COLOR_NAME = AccentColor;
				CODE_SIGN_STYLE = Automatic;
				CURRENT_PROJECT_VERSION = 1;
				DEVELOPMENT_ASSET_PATHS = "\"MyApp/Preview Content\"";
				DEVELOPMENT_TEAM = KRPJJNJAQG;
				ENABLE_PREVIEWS = YES;
				GENERATE_INFOPLIST_FILE = YES;
				INFOPLIST_FILE = MyApp/Info.plist;
				INFOPLIST_KEY_CFBundleDisplayName = "";
				INFOPLIST_KEY_LSApplicationCategoryType = "";
				INFOPLIST_KEY_UIApplicationSceneManifest_Generation = YES;
				INFOPLIST_KEY_UIApplicationSupportsIndirectInputEvents = YES;
				INFOPLIST_KEY_UILaunchScreen_Generation = YES;
				INFOPLIST_KEY_UISupportedInterfaceOrientations_iPad = "UIInterfaceOrientationPortrait UIInterfaceOrientationPortraitUpsideDown UIInterfaceOrientationLandscapeLeft UIInterfaceOrientationLandscapeRight";
				INFOPLIST_KEY_UISupportedInterfaceOrientations_iPhone = "UIInterfaceOrientationPortrait UIInterfaceOrientationLandscapeLeft UIInterfaceOrientationLandscapeRight";
				LD_RUNPATH_SEARCH_PATHS = (
					"$(inherited)",
					"@executable_path/Frameworks",
				);
				MARKETING_VERSION = 1.0;
				PRODUCT_BUNDLE_IDENTIFIER = MetaCourse.MyApp;
				PRODUCT_NAME = "$(TARGET_NAME)";
				SWIFT_EMIT_LOC_STRINGS = YES;
				SWIFT_VERSION = 5.0;
				TARGETED_DEVICE_FAMILY = "1,2";
			};
			name = Release;
		};
/* End XCBuildConfiguration section */

/* Begin XCConfigurationList section */
		B998EE992A778728002DCEC8 /* Build configuration list for PBXProject "MyApp" */ = {
			isa = XCConfigurationList;
			buildConfigurations = (
				B998EEAF2A77872A002DCEC8 /* Debug */,
				B998EEB02A77872A002DCEC8 /* Release */,
			);
			defaultConfigurationIsVisible = 0;
			defaultConfigurationName = Release;
		};
		B998EEB12A77872A002DCEC8 /* Build configuration list for PBXNativeTarget "MyApp" */ = {
			isa = XCConfigurationList;
			buildConfigurations = (
				B998EEB22A77872A002DCEC8 /* Debug */,
				B998EEB32A77872A002DCEC8 /* Release */,
			);
			defaultConfigurationIsVisible = 0;
			defaultConfigurationName = Release;
		};
/* End XCConfigurationList section */

/* Begin XCVersionGroup section */
		B998EEAC2A77872A002DCEC8 /* MyApp.xcdatamodeld */ = {
			isa = XCVersionGroup;
			children = (
				B998EEAD2A77872A002DCEC8 /* MyApp.xcdatamodel */,
			);
			currentVersion = B998EEAD2A77872A002DCEC8 /* MyApp.xcdatamodel */;
			path = MyApp.xcdatamodeld;
			sourceTree = "<group>";
			versionGroupType = wrapper.xcdatamodel;
		};
		B9CA790B2A7A8200005A2C9E /* ExampleDatabase.xcdatamodeld */ = {
			isa = XCVersionGroup;
			children = (
				B9CA790C2A7A8200005A2C9E /* ExampleDatabase.xcdatamodel */,
			);
			currentVersion = B9CA790C2A7A8200005A2C9E /* ExampleDatabase.xcdatamodel */;
			path = ExampleDatabase.xcdatamodeld;
			sourceTree = "<group>";
			versionGroupType = wrapper.xcdatamodel;
		};
/* End XCVersionGroup section */
	};
	rootObject = B998EE962A778728002DCEC8 /* Project object */;
}
